
Microsoft Visual Studio Solution File, Format Version 12.00
# Visual Studio 15
Project("{FAE04EC0-301F-11D3-BF4B-00C04F79EFBC}") = "Zenject", "Zenject.csproj", "{73FE9D86-C0C6-D0BF-5C69-B00EBFAC856A}"
EndProject
Project("{FAE04EC0-301F-11D3-BF4B-00C04F79EFBC}") = "Assembly-CSharp-Editor", "Assembly-CSharp-Editor.csproj", "{9EAEECF2-63A8-AEBC-8074-54F08F46BCB5}"
EndProject
Project("{FAE04EC0-301F-11D3-BF4B-00C04F79EFBC}") = "Zenject-IntegrationTests", "Zenject-IntegrationTests.csproj", "{1A0921E2-6B9F-AB0D-DACE-CBA3B1634F84}"
EndProject
Project("{FAE04EC0-301F-11D3-BF4B-00C04F79EFBC}") = "Assembly-CSharp", "Assembly-CSharp.csproj", "{0AD1ADE1-5AE5-B174-D64A-96C1771CC9AC}"
EndProject
Project("{FAE04EC0-301F-11D3-BF4B-00C04F79EFBC}") = "Zenject-IntegrationTests-Editor", "Zenject-IntegrationTests-Editor.csproj", "{E72BC264-529A-9027-B10E-2A792A5269E4}"
EndProject
Project("{FAE04EC0-301F-11D3-BF4B-00C04F79EFBC}") = "Zenject-ReflectionBaking-Editor", "Zenject-ReflectionBaking-Editor.csproj", "{A1B4A2EC-1E13-C00C-0A13-281B23176DD4}"
EndProject
Project("{FAE04EC0-301F-11D3-BF4B-00C04F79EFBC}") = "Zenject-UnitTests-Editor", "Zenject-UnitTests-Editor.csproj", "{E0209485-2DF6-8F82-6A4C-DCEBDEE94B3D}"
EndProject
Project("{FAE04EC0-301F-11D3-BF4B-00C04F79EFBC}") = "Zenject-Editor", "Zenject-Editor.csproj", "{7A92B9D7-8C59-D8D8-563F-A0D4F7E68BAA}"
EndProject
Project("{FAE04EC0-301F-11D3-BF4B-00C04F79EFBC}") = "AppsFlyer", "AppsFlyer.csproj", "{FA8793C6-F3D7-6AEE-FB7D-DFF2F0A54035}"
EndProject
Project("{FAE04EC0-301F-11D3-BF4B-00C04F79EFBC}") = "Zenject-TestFramework", "Zenject-TestFramework.csproj", "{354BCCC5-4289-9FFF-E8BC-B674FB05D4A4}"
EndProject
Project("{FAE04EC0-301F-11D3-BF4B-00C04F79EFBC}") = "Zenject-PoolMonitor-Editor", "Zenject-PoolMonitor-Editor.csproj", "{30692A28-331B-5956-4E1E-D02572DDC09C}"
EndProject
Project("{FAE04EC0-301F-11D3-BF4B-00C04F79EFBC}") = "AppsFlyer.Editor", "AppsFlyer.Editor.csproj", "{D1BA4B3A-D191-A89F-ED92-2C003217071B}"
EndProject
Project("{FAE04EC0-301F-11D3-BF4B-00C04F79EFBC}") = "MobileDependencyResolverLP.Installer.Editor", "MobileDependencyResolverLP.Installer.Editor.csproj", "{E28B86B6-857C-50C9-67EB-94633A05B6E7}"
EndProject
Project("{FAE04EC0-301F-11D3-BF4B-00C04F79EFBC}") = "Tests", "Tests.csproj", "{0A4A015D-ED5F-386D-0685-42136036D16F}"
EndProject
Project("{FAE04EC0-301F-11D3-BF4B-00C04F79EFBC}") = "Sirenix.OdinInspector.Modules.UnityMathematics", "Sirenix.OdinInspector.Modules.UnityMathematics.csproj", "{3EBC9E13-8096-2D35-8544-1CEF65B0A5DF}"
EndProject
Global
	GlobalSection(SolutionConfigurationPlatforms) = preSolution
		Debug|Any CPU = Debug|Any CPU
		Release|Any CPU = Release|Any CPU
	EndGlobalSection
	GlobalSection(ProjectConfigurationPlatforms) = postSolution
		{73FE9D86-C0C6-D0BF-5C69-B00EBFAC856A}.Debug|Any CPU.ActiveCfg = Debug|Any CPU
		{73FE9D86-C0C6-D0BF-5C69-B00EBFAC856A}.Debug|Any CPU.Build.0 = Debug|Any CPU
		{73FE9D86-C0C6-D0BF-5C69-B00EBFAC856A}.Release|Any CPU.ActiveCfg = Release|Any CPU
		{73FE9D86-C0C6-D0BF-5C69-B00EBFAC856A}.Release|Any CPU.Build.0 = Release|Any CPU
		{9EAEECF2-63A8-AEBC-8074-54F08F46BCB5}.Debug|Any CPU.ActiveCfg = Debug|Any CPU
		{9EAEECF2-63A8-AEBC-8074-54F08F46BCB5}.Debug|Any CPU.Build.0 = Debug|Any CPU
		{9EAEECF2-63A8-AEBC-8074-54F08F46BCB5}.Release|Any CPU.ActiveCfg = Release|Any CPU
		{9EAEECF2-63A8-AEBC-8074-54F08F46BCB5}.Release|Any CPU.Build.0 = Release|Any CPU
		{1A0921E2-6B9F-AB0D-DACE-CBA3B1634F84}.Debug|Any CPU.ActiveCfg = Debug|Any CPU
		{1A0921E2-6B9F-AB0D-DACE-CBA3B1634F84}.Debug|Any CPU.Build.0 = Debug|Any CPU
		{1A0921E2-6B9F-AB0D-DACE-CBA3B1634F84}.Release|Any CPU.ActiveCfg = Release|Any CPU
		{1A0921E2-6B9F-AB0D-DACE-CBA3B1634F84}.Release|Any CPU.Build.0 = Release|Any CPU
		{0AD1ADE1-5AE5-B174-D64A-96C1771CC9AC}.Debug|Any CPU.ActiveCfg = Debug|Any CPU
		{0AD1ADE1-5AE5-B174-D64A-96C1771CC9AC}.Debug|Any CPU.Build.0 = Debug|Any CPU
		{0AD1ADE1-5AE5-B174-D64A-96C1771CC9AC}.Release|Any CPU.ActiveCfg = Release|Any CPU
		{0AD1ADE1-5AE5-B174-D64A-96C1771CC9AC}.Release|Any CPU.Build.0 = Release|Any CPU
		{E72BC264-529A-9027-B10E-2A792A5269E4}.Debug|Any CPU.ActiveCfg = Debug|Any CPU
		{E72BC264-529A-9027-B10E-2A792A5269E4}.Debug|Any CPU.Build.0 = Debug|Any CPU
		{E72BC264-529A-9027-B10E-2A792A5269E4}.Release|Any CPU.ActiveCfg = Release|Any CPU
		{E72BC264-529A-9027-B10E-2A792A5269E4}.Release|Any CPU.Build.0 = Release|Any CPU
		{A1B4A2EC-1E13-C00C-0A13-281B23176DD4}.Debug|Any CPU.ActiveCfg = Debug|Any CPU
		{A1B4A2EC-1E13-C00C-0A13-281B23176DD4}.Debug|Any CPU.Build.0 = Debug|Any CPU
		{A1B4A2EC-1E13-C00C-0A13-281B23176DD4}.Release|Any CPU.ActiveCfg = Release|Any CPU
		{A1B4A2EC-1E13-C00C-0A13-281B23176DD4}.Release|Any CPU.Build.0 = Release|Any CPU
		{E0209485-2DF6-8F82-6A4C-DCEBDEE94B3D}.Debug|Any CPU.ActiveCfg = Debug|Any CPU
		{E0209485-2DF6-8F82-6A4C-DCEBDEE94B3D}.Debug|Any CPU.Build.0 = Debug|Any CPU
		{E0209485-2DF6-8F82-6A4C-DCEBDEE94B3D}.Release|Any CPU.ActiveCfg = Release|Any CPU
		{E0209485-2DF6-8F82-6A4C-DCEBDEE94B3D}.Release|Any CPU.Build.0 = Release|Any CPU
		{7A92B9D7-8C59-D8D8-563F-A0D4F7E68BAA}.Debug|Any CPU.ActiveCfg = Debug|Any CPU
		{7A92B9D7-8C59-D8D8-563F-A0D4F7E68BAA}.Debug|Any CPU.Build.0 = Debug|Any CPU
		{7A92B9D7-8C59-D8D8-563F-A0D4F7E68BAA}.Release|Any CPU.ActiveCfg = Release|Any CPU
		{7A92B9D7-8C59-D8D8-563F-A0D4F7E68BAA}.Release|Any CPU.Build.0 = Release|Any CPU
		{FA8793C6-F3D7-6AEE-FB7D-DFF2F0A54035}.Debug|Any CPU.ActiveCfg = Debug|Any CPU
		{FA8793C6-F3D7-6AEE-FB7D-DFF2F0A54035}.Debug|Any CPU.Build.0 = Debug|Any CPU
		{FA8793C6-F3D7-6AEE-FB7D-DFF2F0A54035}.Release|Any CPU.ActiveCfg = Release|Any CPU
		{FA8793C6-F3D7-6AEE-FB7D-DFF2F0A54035}.Release|Any CPU.Build.0 = Release|Any CPU
		{354BCCC5-4289-9FFF-E8BC-B674FB05D4A4}.Debug|Any CPU.ActiveCfg = Debug|Any CPU
		{354BCCC5-4289-9FFF-E8BC-B674FB05D4A4}.Debug|Any CPU.Build.0 = Debug|Any CPU
		{354BCCC5-4289-9FFF-E8BC-B674FB05D4A4}.Release|Any CPU.ActiveCfg = Release|Any CPU
		{354BCCC5-4289-9FFF-E8BC-B674FB05D4A4}.Release|Any CPU.Build.0 = Release|Any CPU
		{30692A28-331B-5956-4E1E-D02572DDC09C}.Debug|Any CPU.ActiveCfg = Debug|Any CPU
		{30692A28-331B-5956-4E1E-D02572DDC09C}.Debug|Any CPU.Build.0 = Debug|Any CPU
		{30692A28-331B-5956-4E1E-D02572DDC09C}.Release|Any CPU.ActiveCfg = Release|Any CPU
		{30692A28-331B-5956-4E1E-D02572DDC09C}.Release|Any CPU.Build.0 = Release|Any CPU
		{D1BA4B3A-D191-A89F-ED92-2C003217071B}.Debug|Any CPU.ActiveCfg = Debug|Any CPU
		{D1BA4B3A-D191-A89F-ED92-2C003217071B}.Debug|Any CPU.Build.0 = Debug|Any CPU
		{D1BA4B3A-D191-A89F-ED92-2C003217071B}.Release|Any CPU.ActiveCfg = Release|Any CPU
		{D1BA4B3A-D191-A89F-ED92-2C003217071B}.Release|Any CPU.Build.0 = Release|Any CPU
		{E28B86B6-857C-50C9-67EB-94633A05B6E7}.Debug|Any CPU.ActiveCfg = Debug|Any CPU
		{E28B86B6-857C-50C9-67EB-94633A05B6E7}.Debug|Any CPU.Build.0 = Debug|Any CPU
		{E28B86B6-857C-50C9-67EB-94633A05B6E7}.Release|Any CPU.ActiveCfg = Release|Any CPU
		{E28B86B6-857C-50C9-67EB-94633A05B6E7}.Release|Any CPU.Build.0 = Release|Any CPU
		{0A4A015D-ED5F-386D-0685-42136036D16F}.Debug|Any CPU.ActiveCfg = Debug|Any CPU
		{0A4A015D-ED5F-386D-0685-42136036D16F}.Debug|Any CPU.Build.0 = Debug|Any CPU
		{0A4A015D-ED5F-386D-0685-42136036D16F}.Release|Any CPU.ActiveCfg = Release|Any CPU
		{0A4A015D-ED5F-386D-0685-42136036D16F}.Release|Any CPU.Build.0 = Release|Any CPU
		{3EBC9E13-8096-2D35-8544-1CEF65B0A5DF}.Debug|Any CPU.ActiveCfg = Debug|Any CPU
		{3EBC9E13-8096-2D35-8544-1CEF65B0A5DF}.Debug|Any CPU.Build.0 = Debug|Any CPU
		{3EBC9E13-8096-2D35-8544-1CEF65B0A5DF}.Release|Any CPU.ActiveCfg = Release|Any CPU
		{3EBC9E13-8096-2D35-8544-1CEF65B0A5DF}.Release|Any CPU.Build.0 = Release|Any CPU
	EndGlobalSection
	GlobalSection(SolutionProperties) = preSolution
		HideSolutionNode = FALSE
	EndGlobalSection
EndGlobal
